
Microsoft Visual Studio Solution File, Format Version 12.00
# Visual Studio Version 16
VisualStudioVersion = 16.0.29418.71
MinimumVisualStudioVersion = 10.0.40219.1
Project("{FAE04EC0-301F-11D3-BF4B-00C04F79EFBC}") = "TrashCollector", "TrashCollector\TrashCollector.csproj", "{8A796B59-7F24-48C6-8183-346319835B0F}"
EndProject
Global
	GlobalSection(SolutionConfigurationPlatforms) = preSolution
		Debug|Any CPU = Debug|Any CPU
		Release|Any CPU = Release|Any CPU
	EndGlobalSection
	GlobalSection(ProjectConfigurationPlatforms) = postSolution
		{8A796B59-7F24-48C6-8183-346319835B0F}.Debug|Any CPU.ActiveCfg = Debug|Any CPU
		{8A796B59-7F24-48C6-8183-346319835B0F}.Debug|Any CPU.Build.0 = Debug|Any CPU
		{8A796B59-7F24-48C6-8183-346319835B0F}.Release|Any CPU.ActiveCfg = Release|Any CPU
		{8A796B59-7F24-48C6-8183-346319835B0F}.Release|Any CPU.Build.0 = Release|Any CPU
	EndGlobalSection
	GlobalSection(SolutionProperties) = preSolution
		HideSolutionNode = FALSE
	EndGlobalSection
	GlobalSection(ExtensibilityGlobals) = postSolution
		SolutionGuid = {132EB73F-0D44-402C-87A0-AD51A2E0E864}
	EndGlobalSection
EndGlobal
